
Microsoft Visual Studio Solution File, Format Version 12.00
# Visual Studio 15
VisualStudioVersion = 15.0.28010.2026
MinimumVisualStudioVersion = 10.0.40219.1
Project("{FAE04EC0-301F-11D3-BF4B-00C04F79EFBC}") = "Minerva", "Minerva\Minerva.csproj", "{2FD2491A-3D76-4DBD-8B57-6C9D2BA64016}"
EndProject
Global
	GlobalSection(SolutionConfigurationPlatforms) = preSolution
		Debug|Any CPU = Debug|Any CPU
		Release|Any CPU = Release|Any CPU
	EndGlobalSection
	GlobalSection(ProjectConfigurationPlatforms) = postSolution
		{2FD2491A-3D76-4DBD-8B57-6C9D2BA64016}.Debug|Any CPU.ActiveCfg = Debug|Any CPU
		{2FD2491A-3D76-4DBD-8B57-6C9D2BA64016}.Debug|Any CPU.Build.0 = Debug|Any CPU
		{2FD2491A-3D76-4DBD-8B57-6C9D2BA64016}.Release|Any CPU.ActiveCfg = Release|Any CPU
		{2FD2491A-3D76-4DBD-8B57-6C9D2BA64016}.Release|Any CPU.Build.0 = Release|Any CPU
	EndGlobalSection
	GlobalSection(SolutionProperties) = preSolution
		HideSolutionNode = FALSE
	EndGlobalSection
	GlobalSection(ExtensibilityGlobals) = postSolution
		SolutionGuid = {0F21152B-CB53-4402-9CB7-CA1ACAA44BE2}
	EndGlobalSection
EndGlobal
